
Microsoft Visual Studio Solution File, Format Version 12.00
# Visual Studio 15
VisualStudioVersion = 15.0.28307.572
MinimumVisualStudioVersion = 10.0.40219.1
Project("{FAE04EC0-301F-11D3-BF4B-00C04F79EFBC}") = "Constructability Review Test  Data", "Constructability Review Data\Constructability Review Test  Data.csproj", "{DBD0CAD0-688C-44BE-ACEF-C8AAF97C4660}"
EndProject
Project("{FAE04EC0-301F-11D3-BF4B-00C04F79EFBC}") = "Constructability Review Test Models", "Constructability Review Test Models\Constructability Review Test Models.csproj", "{7B793F73-50AA-4B28-9BA3-167AF90DBEB8}"
EndProject
Project("{FAE04EC0-301F-11D3-BF4B-00C04F79EFBC}") = "ConstructabilityReviewTest", "ConstructabilityReviewTest\ConstructabilityReviewTest.csproj", "{968D3E8A-4F3D-481D-A113-4E7FCD88D3F4}"
EndProject
Project("{FAE04EC0-301F-11D3-BF4B-00C04F79EFBC}") = "ConstructabilityReviewTestService", "ConstructabilityReviewTestService\ConstructabilityReviewTestService.csproj", "{47FC1046-623E-47E2-B438-196F1F636D92}"
EndProject
Global
	GlobalSection(SolutionConfigurationPlatforms) = preSolution
		Debug|Any CPU = Debug|Any CPU
		Release|Any CPU = Release|Any CPU
	EndGlobalSection
	GlobalSection(ProjectConfigurationPlatforms) = postSolution
		{DBD0CAD0-688C-44BE-ACEF-C8AAF97C4660}.Debug|Any CPU.ActiveCfg = Debug|Any CPU
		{DBD0CAD0-688C-44BE-ACEF-C8AAF97C4660}.Debug|Any CPU.Build.0 = Debug|Any CPU
		{DBD0CAD0-688C-44BE-ACEF-C8AAF97C4660}.Release|Any CPU.ActiveCfg = Release|Any CPU
		{DBD0CAD0-688C-44BE-ACEF-C8AAF97C4660}.Release|Any CPU.Build.0 = Release|Any CPU
		{7B793F73-50AA-4B28-9BA3-167AF90DBEB8}.Debug|Any CPU.ActiveCfg = Debug|Any CPU
		{7B793F73-50AA-4B28-9BA3-167AF90DBEB8}.Debug|Any CPU.Build.0 = Debug|Any CPU
		{7B793F73-50AA-4B28-9BA3-167AF90DBEB8}.Release|Any CPU.ActiveCfg = Release|Any CPU
		{7B793F73-50AA-4B28-9BA3-167AF90DBEB8}.Release|Any CPU.Build.0 = Release|Any CPU
		{968D3E8A-4F3D-481D-A113-4E7FCD88D3F4}.Debug|Any CPU.ActiveCfg = Debug|Any CPU
		{968D3E8A-4F3D-481D-A113-4E7FCD88D3F4}.Debug|Any CPU.Build.0 = Debug|Any CPU
		{968D3E8A-4F3D-481D-A113-4E7FCD88D3F4}.Release|Any CPU.ActiveCfg = Release|Any CPU
		{968D3E8A-4F3D-481D-A113-4E7FCD88D3F4}.Release|Any CPU.Build.0 = Release|Any CPU
		{47FC1046-623E-47E2-B438-196F1F636D92}.Debug|Any CPU.ActiveCfg = Debug|Any CPU
		{47FC1046-623E-47E2-B438-196F1F636D92}.Debug|Any CPU.Build.0 = Debug|Any CPU
		{47FC1046-623E-47E2-B438-196F1F636D92}.Release|Any CPU.ActiveCfg = Release|Any CPU
		{47FC1046-623E-47E2-B438-196F1F636D92}.Release|Any CPU.Build.0 = Release|Any CPU
	EndGlobalSection
	GlobalSection(SolutionProperties) = preSolution
		HideSolutionNode = FALSE
	EndGlobalSection
	GlobalSection(ExtensibilityGlobals) = postSolution
		SolutionGuid = {25148AFB-82CE-40CD-B1F5-BD5DA416A114}
	EndGlobalSection
EndGlobal
